
Microsoft Visual Studio Solution File, Format Version 12.00
# Visual Studio 14
VisualStudioVersion = 14.0.25420.1
MinimumVisualStudioVersion = 10.0.40219.1
Project("{FAE04EC0-301F-11D3-BF4B-00C04F79EFBC}") = "Microsoft.Hadoop.Avro", "Microsoft.Hadoop.Avro\Microsoft.Hadoop.Avro.csproj", "{EAB38A14-211F-4361-A06E-3EC1E07ABE33}"
EndProject
Project("{FAE04EC0-301F-11D3-BF4B-00C04F79EFBC}") = "Microsoft.Hadoop.Avro.Tests", "Microsoft.Hadoop.Avro.Tests\Microsoft.Hadoop.Avro.Tests.csproj", "{1ED444F4-A5ED-43B7-87E1-4BBE111511C9}"
EndProject
Project("{FAE04EC0-301F-11D3-BF4B-00C04F79EFBC}") = "Microsoft.Hadoop.Avro.Tools", "Microsoft.Hadoop.Avro.Tools\Microsoft.Hadoop.Avro.Tools.csproj", "{FFD3590E-FEFA-4057-902A-F6F3677B0BAE}"
EndProject
Project("{2150E333-8FDC-42A3-9474-1A3956D46DE8}") = "src", "src", "{D2DC56D8-C964-4950-8EA0-53BD26190A10}"
EndProject
Project("{2150E333-8FDC-42A3-9474-1A3956D46DE8}") = "test", "test", "{14E8819C-AAD3-4111-A469-FC3D424040A7}"
	ProjectSection(SolutionItems) = preProject
		HDInsightSDK.vsmdi = HDInsightSDK.vsmdi
		libraries.testsettings = libraries.testsettings
		Local.testsettings = Local.testsettings
	EndProjectSection
EndProject
Project("{2150E333-8FDC-42A3-9474-1A3956D46DE8}") = "git", "git", "{55754CA3-22EA-490E-959E-D8178E3C60E4}"
	ProjectSection(SolutionItems) = preProject
		.gitignore = .gitignore
	EndProjectSection
EndProject
Project("{2150E333-8FDC-42A3-9474-1A3956D46DE8}") = "product", "product", "{CF4F962A-172D-4C36-97ED-1783B3A25329}"
	ProjectSection(SolutionItems) = preProject
		Microsoft.Hadoop.Avro\Microsoft.Hadoop.Avro.nuget.proj = Microsoft.Hadoop.Avro\Microsoft.Hadoop.Avro.nuget.proj
		Microsoft.Hadoop.Avro\Microsoft.Hadoop.Avro.nuspec = Microsoft.Hadoop.Avro\Microsoft.Hadoop.Avro.nuspec
	EndProjectSection
EndProject
Project("{2150E333-8FDC-42A3-9474-1A3956D46DE8}") = "Solution Items", "Solution Items", "{98FC1FF8-BFFA-4AB0-8049-A5C8F05C1C40}"
	ProjectSection(SolutionItems) = preProject
		SharedAssemblyInfo.cs = SharedAssemblyInfo.cs
	EndProjectSection
EndProject
Global
	GlobalSection(SolutionConfigurationPlatforms) = preSolution
		Net45-Debug|Any CPU = Net45-Debug|Any CPU
		Net45-Release|Any CPU = Net45-Release|Any CPU
	EndGlobalSection
	GlobalSection(ProjectConfigurationPlatforms) = postSolution
		{EAB38A14-211F-4361-A06E-3EC1E07ABE33}.Net45-Debug|Any CPU.ActiveCfg = Net45-Debug|Any CPU
		{EAB38A14-211F-4361-A06E-3EC1E07ABE33}.Net45-Debug|Any CPU.Build.0 = Net45-Debug|Any CPU
		{EAB38A14-211F-4361-A06E-3EC1E07ABE33}.Net45-Release|Any CPU.ActiveCfg = Net45-Release|Any CPU
		{EAB38A14-211F-4361-A06E-3EC1E07ABE33}.Net45-Release|Any CPU.Build.0 = Net45-Release|Any CPU
		{1ED444F4-A5ED-43B7-87E1-4BBE111511C9}.Net45-Debug|Any CPU.ActiveCfg = Net45-Debug|Any CPU
		{1ED444F4-A5ED-43B7-87E1-4BBE111511C9}.Net45-Debug|Any CPU.Build.0 = Net45-Debug|Any CPU
		{1ED444F4-A5ED-43B7-87E1-4BBE111511C9}.Net45-Release|Any CPU.ActiveCfg = Net45-Release|Any CPU
		{1ED444F4-A5ED-43B7-87E1-4BBE111511C9}.Net45-Release|Any CPU.Build.0 = Net45-Release|Any CPU
		{FFD3590E-FEFA-4057-902A-F6F3677B0BAE}.Net45-Debug|Any CPU.ActiveCfg = Net45-Debug|Any CPU
		{FFD3590E-FEFA-4057-902A-F6F3677B0BAE}.Net45-Debug|Any CPU.Build.0 = Net45-Debug|Any CPU
		{FFD3590E-FEFA-4057-902A-F6F3677B0BAE}.Net45-Release|Any CPU.ActiveCfg = Net45-Release|Any CPU
		{FFD3590E-FEFA-4057-902A-F6F3677B0BAE}.Net45-Release|Any CPU.Build.0 = Net45-Release|Any CPU
	EndGlobalSection
	GlobalSection(SolutionProperties) = preSolution
		HideSolutionNode = FALSE
	EndGlobalSection
	GlobalSection(NestedProjects) = preSolution
		{EAB38A14-211F-4361-A06E-3EC1E07ABE33} = {D2DC56D8-C964-4950-8EA0-53BD26190A10}
		{1ED444F4-A5ED-43B7-87E1-4BBE111511C9} = {D2DC56D8-C964-4950-8EA0-53BD26190A10}
		{FFD3590E-FEFA-4057-902A-F6F3677B0BAE} = {D2DC56D8-C964-4950-8EA0-53BD26190A10}
	EndGlobalSection
EndGlobal
